
Microsoft Visual Studio Solution File, Format Version 12.00
# Visual Studio Version 16
VisualStudioVersion = 16.0.31005.135
MinimumVisualStudioVersion = 10.0.40219.1
Project("{FAE04EC0-301F-11D3-BF4B-00C04F79EFBC}") = "Lab4_2", "Lab4_2\Lab4_2.csproj", "{1178853C-D20A-4088-AD6D-BA1E094B3E1F}"
EndProject
Global
	GlobalSection(SolutionConfigurationPlatforms) = preSolution
		Debug|Any CPU = Debug|Any CPU
		Release|Any CPU = Release|Any CPU
	EndGlobalSection
	GlobalSection(ProjectConfigurationPlatforms) = postSolution
		{1178853C-D20A-4088-AD6D-BA1E094B3E1F}.Debug|Any CPU.ActiveCfg = Debug|Any CPU
		{1178853C-D20A-4088-AD6D-BA1E094B3E1F}.Debug|Any CPU.Build.0 = Debug|Any CPU
		{1178853C-D20A-4088-AD6D-BA1E094B3E1F}.Release|Any CPU.ActiveCfg = Release|Any CPU
		{1178853C-D20A-4088-AD6D-BA1E094B3E1F}.Release|Any CPU.Build.0 = Release|Any CPU
	EndGlobalSection
	GlobalSection(SolutionProperties) = preSolution
		HideSolutionNode = FALSE
	EndGlobalSection
	GlobalSection(ExtensibilityGlobals) = postSolution
		SolutionGuid = {5DCE44BC-C1B1-4C39-A71F-121FB82D8EA3}
	EndGlobalSection
EndGlobal
