
Microsoft Visual Studio Solution File, Format Version 12.00
# Visual Studio Version 16
VisualStudioVersion = 16.0.31005.135
MinimumVisualStudioVersion = 10.0.40219.1
Project("{FAE04EC0-301F-11D3-BF4B-00C04F79EFBC}") = "Lab4", "Lab4\Lab4.csproj", "{22B16C4F-A0B6-405B-9F1F-D8D1504FB5F3}"
EndProject
Global
	GlobalSection(SolutionConfigurationPlatforms) = preSolution
		Debug|Any CPU = Debug|Any CPU
		Release|Any CPU = Release|Any CPU
	EndGlobalSection
	GlobalSection(ProjectConfigurationPlatforms) = postSolution
		{22B16C4F-A0B6-405B-9F1F-D8D1504FB5F3}.Debug|Any CPU.ActiveCfg = Debug|Any CPU
		{22B16C4F-A0B6-405B-9F1F-D8D1504FB5F3}.Debug|Any CPU.Build.0 = Debug|Any CPU
		{22B16C4F-A0B6-405B-9F1F-D8D1504FB5F3}.Release|Any CPU.ActiveCfg = Release|Any CPU
		{22B16C4F-A0B6-405B-9F1F-D8D1504FB5F3}.Release|Any CPU.Build.0 = Release|Any CPU
	EndGlobalSection
	GlobalSection(SolutionProperties) = preSolution
		HideSolutionNode = FALSE
	EndGlobalSection
	GlobalSection(ExtensibilityGlobals) = postSolution
		SolutionGuid = {0BFA6A10-D377-424A-9F46-945691A421B9}
	EndGlobalSection
EndGlobal
